
Microsoft Visual Studio Solution File, Format Version 10.00
# Visual C++ Express 2008
Project("{8BC9CEB8-8B4A-11D0-8D11-00A0C91BC942}") = "binaryarray", "binaryarray\binaryarray.vcproj", "{40735847-BCA0-4EB3-9A31-78705049E0CA}"
EndProject
Global
	GlobalSection(SolutionConfigurationPlatforms) = preSolution
		Debug|Win32 = Debug|Win32
		Release|Win32 = Release|Win32
	EndGlobalSection
	GlobalSection(ProjectConfigurationPlatforms) = postSolution
		{40735847-BCA0-4EB3-9A31-78705049E0CA}.Debug|Win32.ActiveCfg = Debug|Win32
		{40735847-BCA0-4EB3-9A31-78705049E0CA}.Debug|Win32.Build.0 = Debug|Win32
		{40735847-BCA0-4EB3-9A31-78705049E0CA}.Release|Win32.ActiveCfg = Release|Win32
		{40735847-BCA0-4EB3-9A31-78705049E0CA}.Release|Win32.Build.0 = Release|Win32
	EndGlobalSection
	GlobalSection(SolutionProperties) = preSolution
		HideSolutionNode = FALSE
	EndGlobalSection
EndGlobal
